lockfileVersion: '9.0'

settings:
  autoInstallPeers: true
  excludeLinksFromLockfile: false

importers:

  .:
    dependencies:
      mina-fungible-token:
        specifier: 1.1.0
        version: 1.1.0(o1js@2.13.0)
      o1js:
        specifier: ^2.13.0
        version: 2.13.0
      reflect-metadata:
        specifier: ^0.2.2
        version: 0.2.2
    devDependencies:
      '@types/node':
        specifier: ^22.10.2
        version: 22.19.15
      typescript:
        specifier: ^5.7.3
        version: 5.9.3

packages:

  '@types/node@22.19.15':
    resolution: {integrity: sha512-F0R/h2+dsy5wJAUe3tAU6oqa2qbWY5TpNfL/RGmo1y38hiyO1w3x2jPtt76wmuaJI4DQnOBu21cNXQ2STIUUWg==}

  blakejs@1.2.1:
    resolution: {integrity: sha512-QXUSXI3QVc/gJME0dBpXrag1kbzOqCjCX8/b54ntNyW6sjtoqxqRk3LTmXzaJoh71zMsDCjM+47jS7XiwN/+fQ==}

  cachedir@2.4.0:
    resolution: {integrity: sha512-9EtFOZR8g22CL7BWjJ9BUx1+A/djkofnyW3aOXZORNW2kxoUpx2h+uN2cOqwPmFhnpVmxg+KW2OjOSgChTEvsQ==}
    engines: {node: '>=6'}

  error-stack-parser@2.1.4:
    resolution: {integrity: sha512-Sk5V6wVazPhq5MhpO+AUxJn5x7XSXGl1R93Vn7i+zS15KDVxQijejNCrz8340/2bgLBjR9GtEG8ZVKONDjcqGQ==}

  js-sha256@0.9.0:
    resolution: {integrity: sha512-sga3MHh9sgQN2+pJ9VYZ+1LPwXOxuBJBA5nrR5/ofPfuiJBE2hnjsaN8se8JznOmGLN2p49Pe5U/ttafcs/apA==}

  libsodium-sumo@0.7.16:
    resolution: {integrity: sha512-x6atrz2AdXCJg6G709x9W9TTJRI6/0NcL5dD0l5GGVqNE48UJmDsjO4RUWYTeyXXUpg+NXZ2SHECaZnFRYzwGA==}

  libsodium-wrappers-sumo@0.7.16:
    resolution: {integrity: sha512-gR0JEFPeN3831lB9+ogooQk0KH4K5LSMIO5Prd5Q5XYR2wHFtZfPg0eP7t1oJIWq+UIzlU4WVeBxZ97mt28tXw==}

  mina-fungible-token@1.1.0:
    resolution: {integrity: sha512-nfpKQuo49KBUkTFQjE+H47sXs2SzzAs484S6IXwSX38JX+VJKSEihuMv08Mi+x8cVjJ2hVsPlsvRcApIUI1lug==}
    engines: {node: '>=20.0.0'}
    peerDependencies:
      o1js: ^2.1.0

  o1js@2.13.0:
    resolution: {integrity: sha512-kRmOfILkZkpfiTfVEqhfGJkQq8csUYzkFnSgSnH/DIEY3uFgNfXpcZQXIvk0ZEIuDyL98sH3hwxR/DCJnUFndA==}
    engines: {node: '>=18.14.0'}
    hasBin: true

  reflect-metadata@0.1.14:
    resolution: {integrity: sha512-ZhYeb6nRaXCfhnndflDK8qI6ZQ/YcWZCISRAWICW9XYqMUwjZM9Z0DveWX/ABN01oxSHwVxKQmxeYZSsm0jh5A==}

  reflect-metadata@0.2.2:
    resolution: {integrity: sha512-urBwgfrvVP/eAyXx4hluJivBKzuEbSQs9rKWCrCkbSxNv8mxPcUZKeuoF3Uy4mJl3Lwprp6yy5/39VWigZ4K6Q==}

  source-map@0.5.6:
    resolution: {integrity: sha512-MjZkVp0NHr5+TPihLcadqnlVoGIoWo4IBHptutGh9wI3ttUYvCG26HkSuDi+K6lsZ25syXJXcctwgyVCt//xqA==}
    engines: {node: '>=0.10.0'}

  stack-generator@2.0.10:
    resolution: {integrity: sha512-mwnua/hkqM6pF4k8SnmZ2zfETsRUpWXREfA/goT8SLCV4iOFa4bzOX2nDipWAZFPTjLvQB82f5yaodMVhK0yJQ==}

  stackframe@1.3.4:
    resolution: {integrity: sha512-oeVtt7eWQS+Na6F//S4kJ2K2VbRlS9D43mAlMyVpVWovy9o+jfgH8O9agzANzaiLjclA0oYzUXEM4PurhSUChw==}

  stacktrace-gps@3.1.2:
    resolution: {integrity: sha512-GcUgbO4Jsqqg6RxfyTHFiPxdPqF+3LFmQhm7MgCuYQOYuWyqxo5pwRPz5d/u6/WYJdEnWfK4r+jGbyD8TSggXQ==}

  stacktrace-js@2.0.2:
    resolution: {integrity: sha512-Je5vBeY4S1r/RnLydLl0TBTi3F2qdfWmYsGvtfZgEI+SCprPppaIhQf5nGcal4gI4cGpCV/duLcAzT1np6sQqg==}

  tslib@2.8.1:
    resolution: {integrity: sha512-oJFu94HQb+KVduSUQL7wnpmqnfmLsOA/nAh6b6EH0wCEoK0/mPeXU6c3wKDV83MkOuHPRHtSXKKU99IBazS/2w==}

  typescript@5.9.3:
    resolution: {integrity: sha512-jl1vZzPDinLr9eUt3J/t7V6FgNEw9QjvBPdysz9KfQDD41fQrC2Y4vKQdiaUpFT4bXlb1RHhLpp8wtm6M5TgSw==}
    engines: {node: '>=14.17'}
    hasBin: true

  undici-types@6.21.0:
    resolution: {integrity: sha512-iwDZqg0QAGrg9Rav5H4n0M64c3mkR59cJ6wQp+7C4nI0gsmExaedaYLNO44eT4AtBBwjbTiGPMlt2Md0T9H9JQ==}

snapshots:

  '@types/node@22.19.15':
    dependencies:
      undici-types: 6.21.0

  blakejs@1.2.1: {}

  cachedir@2.4.0: {}

  error-stack-parser@2.1.4:
    dependencies:
      stackframe: 1.3.4

  js-sha256@0.9.0: {}

  libsodium-sumo@0.7.16: {}

  libsodium-wrappers-sumo@0.7.16:
    dependencies:
      libsodium-sumo: 0.7.16

  mina-fungible-token@1.1.0(o1js@2.13.0):
    dependencies:
      o1js: 2.13.0

  o1js@2.13.0:
    dependencies:
      blakejs: 1.2.1
      cachedir: 2.4.0
      js-sha256: 0.9.0
      libsodium-wrappers-sumo: 0.7.16
      reflect-metadata: 0.1.14
      stacktrace-js: 2.0.2
      tslib: 2.8.1

  reflect-metadata@0.1.14: {}

  reflect-metadata@0.2.2: {}

  source-map@0.5.6: {}

  stack-generator@2.0.10:
    dependencies:
      stackframe: 1.3.4

  stackframe@1.3.4: {}

  stacktrace-gps@3.1.2:
    dependencies:
      source-map: 0.5.6
      stackframe: 1.3.4

  stacktrace-js@2.0.2:
    dependencies:
      error-stack-parser: 2.1.4
      stack-generator: 2.0.10
      stacktrace-gps: 3.1.2

  tslib@2.8.1: {}

  typescript@5.9.3: {}

  undici-types@6.21.0: {}
